// !$*UTF8*$!
{
	archiveVersion = 1;
	classes = {
	};
	objectVersion = 46;
	objects = {

/* Begin PBXBuildFile section */
		04CFB6B3A3F89C2F3ADFC8B1 /* Pods_Safety_AssistantUITests.framework in Frameworks */ = {isa = PBXBuildFile; fileRef = F674FDB97E9A26EB1C5BF8E9 /* Pods_Safety_AssistantUITests.framework */; };
		57024A701F3B457100093901 /* HelpViewController.swift in Sources */ = {isa = PBXBuildFile; fileRef = 57024A6F1F3B457100093901 /* HelpViewController.swift */; };
		570B1CE41F2F33C800D74752 /* AppDelegate.swift in Sources */ = {isa = PBXBuildFile; fileRef = 570B1CE31F2F33C800D74752 /* AppDelegate.swift */; };
		570B1CEB1F2F33C800D74752 /* Assets.xcassets in Resources */ = {isa = PBXBuildFile; fileRef = 570B1CEA1F2F33C800D74752 /* Assets.xcassets */; };
		570B1CEE1F2F33C800D74752 /* LaunchScreen.storyboard in Resources */ = {isa = PBXBuildFile; fileRef = 570B1CEC1F2F33C800D74752 /* LaunchScreen.storyboard */; };
		570B1CF91F2F33C800D74752 /* Safety_AssistantTests.swift in Sources */ = {isa = PBXBuildFile; fileRef = 570B1CF81F2F33C800D74752 /* Safety_AssistantTests.swift */; };
		570B1D041F2F33C800D74752 /* Safety_AssistantUITests.swift in Sources */ = {isa = PBXBuildFile; fileRef = 570B1D031F2F33C800D74752 /* Safety_AssistantUITests.swift */; };
		570B1D181F2F348400D74752 /* MapViewController.swift in Sources */ = {isa = PBXBuildFile; fileRef = 570B1D171F2F348400D74752 /* MapViewController.swift */; };
		570B1D1B1F2F34E700D74752 /* Neighbourhood.swift in Sources */ = {isa = PBXBuildFile; fileRef = 570B1D1A1F2F34E700D74752 /* Neighbourhood.swift */; };
		570B1D1E1F2F390500D74752 /* MapService.swift in Sources */ = {isa = PBXBuildFile; fileRef = 570B1D1D1F2F390500D74752 /* MapService.swift */; };
		570B1D211F2F3B5000D74752 /* JSONParser.swift in Sources */ = {isa = PBXBuildFile; fileRef = 570B1D201F2F3B5000D74752 /* JSONParser.swift */; };
		570B1D231F2F44E200D74752 /* MapKit.framework in Frameworks */ = {isa = PBXBuildFile; fileRef = 570B1D221F2F44E200D74752 /* MapKit.framework */; };
		570B1D271F2F5E7800D74752 /* UIColor+Hex.swift in Sources */ = {isa = PBXBuildFile; fileRef = 570B1D261F2F5E7800D74752 /* UIColor+Hex.swift */; };
		57386C921F31F10E00135A06 /* Main.storyboard in Resources */ = {isa = PBXBuildFile; fileRef = 57386C911F31F10E00135A06 /* Main.storyboard */; };
		57386C971F31F15200135A06 /* LaunchViewController.swift in Sources */ = {isa = PBXBuildFile; fileRef = 57386C941F31F15200135A06 /* LaunchViewController.swift */; };
		57386C981F31F15200135A06 /* RegisterViewController.swift in Sources */ = {isa = PBXBuildFile; fileRef = 57386C961F31F15200135A06 /* RegisterViewController.swift */; };
		57386C9A1F31F1A800135A06 /* UIViewController+HideKeyboard.swift in Sources */ = {isa = PBXBuildFile; fileRef = 57386C991F31F1A800135A06 /* UIViewController+HideKeyboard.swift */; };
		5752C1C11F30ABAE00D07BA3 /* AWSConfiguration.swift in Sources */ = {isa = PBXBuildFile; fileRef = 5752C1BE1F30ABAE00D07BA3 /* AWSConfiguration.swift */; };
		5752C1C21F30ABAE00D07BA3 /* AWSMobileClient.swift in Sources */ = {isa = PBXBuildFile; fileRef = 5752C1BF1F30ABAE00D07BA3 /* AWSMobileClient.swift */; };
		5752C1C31F30ABAE00D07BA3 /* AWSMobileHubHelper.framework in Frameworks */ = {isa = PBXBuildFile; fileRef = 5752C1C01F30ABAE00D07BA3 /* AWSMobileHubHelper.framework */; };
		5752C1CE1F30ABF400D07BA3 /* AWSCore.framework in Frameworks */ = {isa = PBXBuildFile; fileRef = 5752C1C61F30ABF400D07BA3 /* AWSCore.framework */; };
		5752C1CF1F30ABF400D07BA3 /* AWSLex.framework in Frameworks */ = {isa = PBXBuildFile; fileRef = 5752C1C71F30ABF400D07BA3 /* AWSLex.framework */; };
		5752C1D01F30ABF400D07BA3 /* Amazon_Software_License.txt in Resources */ = {isa = PBXBuildFile; fileRef = 5752C1C91F30ABF400D07BA3 /* Amazon_Software_License.txt */; };
		5752C1D11F30ABF400D07BA3 /* NOTICE in Resources */ = {isa = PBXBuildFile; fileRef = 5752C1CA1F30ABF400D07BA3 /* NOTICE */; };
		5752C1D21F30ABF400D07BA3 /* CheckXcodeVersion.sh in Resources */ = {isa = PBXBuildFile; fileRef = 5752C1CB1F30ABF400D07BA3 /* CheckXcodeVersion.sh */; };
		5752C1D31F30ABF400D07BA3 /* JSQMessagesViewController.framework in Frameworks */ = {isa = PBXBuildFile; fileRef = 5752C1CD1F30ABF400D07BA3 /* JSQMessagesViewController.framework */; };
		5752C1D41F30AC3800D07BA3 /* AWSCore.framework in Frameworks */ = {isa = PBXBuildFile; fileRef = 5752C1C61F30ABF400D07BA3 /* AWSCore.framework */; };
		5752C1D51F30AC3800D07BA3 /* AWSCore.framework in Embed Frameworks */ = {isa = PBXBuildFile; fileRef = 5752C1C61F30ABF400D07BA3 /* AWSCore.framework */; settings = {ATTRIBUTES = (CodeSignOnCopy, RemoveHeadersOnCopy, ); }; };
		5752C1D61F30AC3800D07BA3 /* AWSLex.framework in Frameworks */ = {isa = PBXBuildFile; fileRef = 5752C1C71F30ABF400D07BA3 /* AWSLex.framework */; };
		5752C1D71F30AC3800D07BA3 /* AWSLex.framework in Embed Frameworks */ = {isa = PBXBuildFile; fileRef = 5752C1C71F30ABF400D07BA3 /* AWSLex.framework */; settings = {ATTRIBUTES = (CodeSignOnCopy, RemoveHeadersOnCopy, ); }; };
		5752C1D81F30AC3800D07BA3 /* JSQMessagesViewController.framework in Frameworks */ = {isa = PBXBuildFile; fileRef = 5752C1CD1F30ABF400D07BA3 /* JSQMessagesViewController.framework */; };
		5752C1D91F30AC3800D07BA3 /* JSQMessagesViewController.framework in Embed Frameworks */ = {isa = PBXBuildFile; fileRef = 5752C1CD1F30ABF400D07BA3 /* JSQMessagesViewController.framework */; settings = {ATTRIBUTES = (CodeSignOnCopy, RemoveHeadersOnCopy, ); }; };
		5752C1E21F30AD7100D07BA3 /* ChatViewController.swift in Sources */ = {isa = PBXBuildFile; fileRef = 5752C1E11F30AD7100D07BA3 /* ChatViewController.swift */; };
		577E86481F3460400050CB4C /* LocationSearchTableViewController.swift in Sources */ = {isa = PBXBuildFile; fileRef = 577E86471F3460400050CB4C /* LocationSearchTableViewController.swift */; };
		578E54971F3C4DBA003B1DE3 /* VoiceViewController.swift in Sources */ = {isa = PBXBuildFile; fileRef = 578E54961F3C4DBA003B1DE3 /* VoiceViewController.swift */; };
		579579821F331CF60078E3A7 /* APIService.swift in Sources */ = {isa = PBXBuildFile; fileRef = 579579811F331CF60078E3A7 /* APIService.swift */; };
		579579841F331D4C0078E3A7 /* Date+WeekDay.swift in Sources */ = {isa = PBXBuildFile; fileRef = 579579831F331D4C0078E3A7 /* Date+WeekDay.swift */; };
		7891010F3E7B8D66F47FE3B1 /* Pods_Safety_AssistantTests.framework in Frameworks */ = {isa = PBXBuildFile; fileRef = 20D7633E67603570570DB2A1 /* Pods_Safety_AssistantTests.framework */; };
		D285BA530F6B9F3092067084 /* Pods_Safety_Assistant.framework in Frameworks */ = {isa = PBXBuildFile; fileRef = 00A9D8B151AD4FB9FCE172F0 /* Pods_Safety_Assistant.framework */; };
/* End PBXBuildFile section */

/* Begin PBXContainerItemProxy section */
		570B1CF51F2F33C800D74752 /* PBXContainerItemProxy */ = {
			isa = PBXContainerItemProxy;
			containerPortal = 570B1CD81F2F33C800D74752 /* Project object */;
			proxyType = 1;
			remoteGlobalIDString = 570B1CDF1F2F33C800D74752;
			remoteInfo = "Safety Assistant";
		};
		570B1D001F2F33C800D74752 /* PBXContainerItemProxy */ = {
			isa = PBXContainerItemProxy;
			containerPortal = 570B1CD81F2F33C800D74752 /* Project object */;
			proxyType = 1;
			remoteGlobalIDString = 570B1CDF1F2F33C800D74752;
			remoteInfo = "Safety Assistant";
		};
/* End PBXContainerItemProxy section */

/* Begin PBXCopyFilesBuildPhase section */
		5752C1DA1F30AC3800D07BA3 /* Embed Frameworks */ = {
			isa = PBXCopyFilesBuildPhase;
			buildActionMask = 2147483647;
			dstPath = "";
			dstSubfolderSpec = 10;
			files = (
				5752C1D91F30AC3800D07BA3 /* JSQMessagesViewController.framework in Embed Frameworks */,
				5752C1D71F30AC3800D07BA3 /* AWSLex.framework in Embed Frameworks */,
				5752C1D51F30AC3800D07BA3 /* AWSCore.framework in Embed Frameworks */,
			);
			name = "Embed Frameworks";
			runOnlyForDeploymentPostprocessing = 0;
		};
/* End PBXCopyFilesBuildPhase section */

/* Begin PBXFileReference section */
		00A9D8B151AD4FB9FCE172F0 /* Pods_Safety_Assistant.framework */ = {isa = PBXFileReference; explicitFileType = wrapper.framework; includeInIndex = 0; path = Pods_Safety_Assistant.framework; sourceTree = BUILT_PRODUCTS_DIR; };
		1F50C4254DA9CF667DA13F6D /* Pods-Safety Assistant.debug.xcconfig */ = {isa = PBXFileReference; includeInIndex = 1; lastKnownFileType = text.xcconfig; name = "Pods-Safety Assistant.debug.xcconfig"; path = "Pods/Target Support Files/Pods-Safety Assistant/Pods-Safety Assistant.debug.xcconfig"; sourceTree = "<group>"; };
		20D7633E67603570570DB2A1 /* Pods_Safety_AssistantTests.framework */ = {isa = PBXFileReference; explicitFileType = wrapper.framework; includeInIndex = 0; path = Pods_Safety_AssistantTests.framework; sourceTree = BUILT_PRODUCTS_DIR; };
		353A21AF38B745E0948C7F75 /* Pods-Safety AssistantTests.release.xcconfig */ = {isa = PBXFileReference; includeInIndex = 1; lastKnownFileType = text.xcconfig; name = "Pods-Safety AssistantTests.release.xcconfig"; path = "Pods/Target Support Files/Pods-Safety AssistantTests/Pods-Safety AssistantTests.release.xcconfig"; sourceTree = "<group>"; };
		57024A6F1F3B457100093901 /* HelpViewController.swift */ = {isa = PBXFileReference; fileEncoding = 4; lastKnownFileType = sourcecode.swift; name = HelpViewController.swift; path = Main/Chat/HelpViewController.swift; sourceTree = "<group>"; };
		570B1CE01F2F33C800D74752 /* Safety Assistant.app */ = {isa = PBXFileReference; explicitFileType = wrapper.application; includeInIndex = 0; path = "Safety Assistant.app"; sourceTree = BUILT_PRODUCTS_DIR; };
		570B1CE31F2F33C800D74752 /* AppDelegate.swift */ = {isa = PBXFileReference; lastKnownFileType = sourcecode.swift; path = AppDelegate.swift; sourceTree = "<group>"; };
		570B1CEA1F2F33C800D74752 /* Assets.xcassets */ = {isa = PBXFileReference; lastKnownFileType = folder.assetcatalog; path = Assets.xcassets; sourceTree = "<group>"; };
		570B1CED1F2F33C800D74752 /* Base */ = {isa = PBXFileReference; lastKnownFileType = file.storyboard; name = Base; path = Base.lproj/LaunchScreen.storyboard; sourceTree = "<group>"; };
		570B1CEF1F2F33C800D74752 /* Info.plist */ = {isa = PBXFileReference; lastKnownFileType = text.plist.xml; path = Info.plist; sourceTree = "<group>"; };
		570B1CF41F2F33C800D74752 /* Safety AssistantTests.xctest */ = {isa = PBXFileReference; explicitFileType = wrapper.cfbundle; includeInIndex = 0; path = "Safety AssistantTests.xctest"; sourceTree = BUILT_PRODUCTS_DIR; };
		570B1CF81F2F33C800D74752 /* Safety_AssistantTests.swift */ = {isa = PBXFileReference; lastKnownFileType = sourcecode.swift; path = Safety_AssistantTests.swift; sourceTree = "<group>"; };
		570B1CFA1F2F33C800D74752 /* Info.plist */ = {isa = PBXFileReference; lastKnownFileType = text.plist.xml; path = Info.plist; sourceTree = "<group>"; };
		570B1CFF1F2F33C800D74752 /* Safety AssistantUITests.xctest */ = {isa = PBXFileReference; explicitFileType = wrapper.cfbundle; includeInIndex = 0; path = "Safety AssistantUITests.xctest"; sourceTree = BUILT_PRODUCTS_DIR; };
		570B1D031F2F33C800D74752 /* Safety_AssistantUITests.swift */ = {isa = PBXFileReference; lastKnownFileType = sourcecode.swift; path = Safety_AssistantUITests.swift; sourceTree = "<group>"; };
		570B1D051F2F33C800D74752 /* Info.plist */ = {isa = PBXFileReference; lastKnownFileType = text.plist.xml; path = Info.plist; sourceTree = "<group>"; };
		570B1D171F2F348400D74752 /* MapViewController.swift */ = {isa = PBXFileReference; fileEncoding = 4; lastKnownFileType = sourcecode.swift; name = MapViewController.swift; path = Main/Map/MapViewController.swift; sourceTree = "<group>"; };
		570B1D1A1F2F34E700D74752 /* Neighbourhood.swift */ = {isa = PBXFileReference; fileEncoding = 4; lastKnownFileType = sourcecode.swift; name = Neighbourhood.swift; path = Models/Neighbourhood.swift; sourceTree = "<group>"; };
		570B1D1D1F2F390500D74752 /* MapService.swift */ = {isa = PBXFileReference; fileEncoding = 4; lastKnownFileType = sourcecode.swift; name = MapService.swift; path = Services/MapService.swift; sourceTree = "<group>"; };
		570B1D201F2F3B5000D74752 /* JSONParser.swift */ = {isa = PBXFileReference; fileEncoding = 4; lastKnownFileType = sourcecode.swift; name = JSONParser.swift; path = Services/JSONParser.swift; sourceTree = "<group>"; };
		570B1D221F2F44E200D74752 /* MapKit.framework */ = {isa = PBXFileReference; lastKnownFileType = wrapper.framework; name = MapKit.framework; path = System/Library/Frameworks/MapKit.framework; sourceTree = SDKROOT; };
		570B1D261F2F5E7800D74752 /* UIColor+Hex.swift */ = {isa = PBXFileReference; fileEncoding = 4; lastKnownFileType = sourcecode.swift; name = "UIColor+Hex.swift"; path = "Common/Extensions/UIColor+Hex.swift"; sourceTree = "<group>"; };
		57386C911F31F10E00135A06 /* Main.storyboard */ = {isa = PBXFileReference; fileEncoding = 4; lastKnownFileType = file.storyboard; name = Main.storyboard; path = Resources/Storyboards/Main.storyboard; sourceTree = "<group>"; };
		57386C941F31F15200135A06 /* LaunchViewController.swift */ = {isa = PBXFileReference; fileEncoding = 4; lastKnownFileType = sourcecode.swift; path = LaunchViewController.swift; sourceTree = "<group>"; };
		57386C961F31F15200135A06 /* RegisterViewController.swift */ = {isa = PBXFileReference; fileEncoding = 4; lastKnownFileType = sourcecode.swift; path = RegisterViewController.swift; sourceTree = "<group>"; };
		57386C991F31F1A800135A06 /* UIViewController+HideKeyboard.swift */ = {isa = PBXFileReference; fileEncoding = 4; lastKnownFileType = sourcecode.swift; name = "UIViewController+HideKeyboard.swift"; path = "Common/Extensions/UIViewController+HideKeyboard.swift"; sourceTree = "<group>"; };
		5752C1901F30994600D07BA3 /* AWSCore.framework */ = {isa = PBXFileReference; lastKnownFileType = wrapper.framework; name = AWSCore.framework; path = "Safety Assistant/Resources/Sdk/Aws/AWSCore.framework"; sourceTree = "<group>"; };
		5752C1921F30994800D07BA3 /* AWSLex.framework */ = {isa = PBXFileReference; lastKnownFileType = wrapper.framework; name = AWSLex.framework; path = "Safety Assistant/Resources/Sdk/Aws/AWSLex.framework"; sourceTree = "<group>"; };
		5752C1B21F30AA9400D07BA3 /* AWSCore.framework */ = {isa = PBXFileReference; lastKnownFileType = wrapper.framework; name = AWSCore.framework; path = "../../../Library/Developer/Xcode/DerivedData/Safety_Assistant-cimebvnrphklaudpiybszjwixeqy/Build/Products/Debug-iphonesimulator/AWSCore/AWSCore.framework"; sourceTree = "<group>"; };
		5752C1B31F30AA9400D07BA3 /* AWSLex.framework */ = {isa = PBXFileReference; lastKnownFileType = wrapper.framework; name = AWSLex.framework; path = "../../../Library/Developer/Xcode/DerivedData/Safety_Assistant-cimebvnrphklaudpiybszjwixeqy/Build/Products/Debug-iphonesimulator/AWSLex/AWSLex.framework"; sourceTree = "<group>"; };
		5752C1BE1F30ABAE00D07BA3 /* AWSConfiguration.swift */ = {isa = PBXFileReference; fileEncoding = 4; lastKnownFileType = sourcecode.swift; path = AWSConfiguration.swift; sourceTree = "<group>"; };
		5752C1BF1F30ABAE00D07BA3 /* AWSMobileClient.swift */ = {isa = PBXFileReference; fileEncoding = 4; lastKnownFileType = sourcecode.swift; path = AWSMobileClient.swift; sourceTree = "<group>"; };
		5752C1C01F30ABAE00D07BA3 /* AWSMobileHubHelper.framework */ = {isa = PBXFileReference; lastKnownFileType = wrapper.framework; path = AWSMobileHubHelper.framework; sourceTree = "<group>"; };
		5752C1C61F30ABF400D07BA3 /* AWSCore.framework */ = {isa = PBXFileReference; lastKnownFileType = wrapper.framework; path = AWSCore.framework; sourceTree = "<group>"; };
		5752C1C71F30ABF400D07BA3 /* AWSLex.framework */ = {isa = PBXFileReference; lastKnownFileType = wrapper.framework; path = AWSLex.framework; sourceTree = "<group>"; };
		5752C1C91F30ABF400D07BA3 /* Amazon_Software_License.txt */ = {isa = PBXFileReference; fileEncoding = 4; lastKnownFileType = text; path = Amazon_Software_License.txt; sourceTree = "<group>"; };
		5752C1CA1F30ABF400D07BA3 /* NOTICE */ = {isa = PBXFileReference; fileEncoding = 4; lastKnownFileType = text; path = NOTICE; sourceTree = "<group>"; };
		5752C1CB1F30ABF400D07BA3 /* CheckXcodeVersion.sh */ = {isa = PBXFileReference; fileEncoding = 4; lastKnownFileType = text.script.sh; path = CheckXcodeVersion.sh; sourceTree = "<group>"; };
		5752C1CD1F30ABF400D07BA3 /* JSQMessagesViewController.framework */ = {isa = PBXFileReference; lastKnownFileType = wrapper.framework; path = JSQMessagesViewController.framework; sourceTree = "<group>"; };
		5752C1E11F30AD7100D07BA3 /* ChatViewController.swift */ = {isa = PBXFileReference; fileEncoding = 4; lastKnownFileType = sourcecode.swift; name = ChatViewController.swift; path = Main/Chat/ChatViewController.swift; sourceTree = "<group>"; };
		577E86471F3460400050CB4C /* LocationSearchTableViewController.swift */ = {isa = PBXFileReference; fileEncoding = 4; lastKnownFileType = sourcecode.swift; name = LocationSearchTableViewController.swift; path = Main/Map/LocationSearchTableViewController.swift; sourceTree = "<group>"; };
		578E54961F3C4DBA003B1DE3 /* VoiceViewController.swift */ = {isa = PBXFileReference; fileEncoding = 4; lastKnownFileType = sourcecode.swift; name = VoiceViewController.swift; path = Main/Chat/VoiceViewController.swift; sourceTree = "<group>"; };
		579579811F331CF60078E3A7 /* APIService.swift */ = {isa = PBXFileReference; fileEncoding = 4; lastKnownFileType = sourcecode.swift; name = APIService.swift; path = Services/APIService.swift; sourceTree = "<group>"; };
		579579831F331D4C0078E3A7 /* Date+WeekDay.swift */ = {isa = PBXFileReference; fileEncoding = 4; lastKnownFileType = sourcecode.swift; name = "Date+WeekDay.swift"; path = "Common/Extensions/Date+WeekDay.swift"; sourceTree = "<group>"; };
		8399C2D2F17E033BEA29C89F /* Pods-Safety AssistantUITests.release.xcconfig */ = {isa = PBXFileReference; includeInIndex = 1; lastKnownFileType = text.xcconfig; name = "Pods-Safety AssistantUITests.release.xcconfig"; path = "Pods/Target Support Files/Pods-Safety AssistantUITests/Pods-Safety AssistantUITests.release.xcconfig"; sourceTree = "<group>"; };
		A91272CEAD221AC83A3A6D8C /* Pods-Safety Assistant.release.xcconfig */ = {isa = PBXFileReference; includeInIndex = 1; lastKnownFileType = text.xcconfig; name = "Pods-Safety Assistant.release.xcconfig"; path = "Pods/Target Support Files/Pods-Safety Assistant/Pods-Safety Assistant.release.xcconfig"; sourceTree = "<group>"; };
		BA2EEE074E9861B2902E7E55 /* Pods-Safety AssistantTests.debug.xcconfig */ = {isa = PBXFileReference; includeInIndex = 1; lastKnownFileType = text.xcconfig; name = "Pods-Safety AssistantTests.debug.xcconfig"; path = "Pods/Target Support Files/Pods-Safety AssistantTests/Pods-Safety AssistantTests.debug.xcconfig"; sourceTree = "<group>"; };
		F17B0E13920549D0BBE9A33F /* Pods-Safety AssistantUITests.debug.xcconfig */ = {isa = PBXFileReference; includeInIndex = 1; lastKnownFileType = text.xcconfig; name = "Pods-Safety AssistantUITests.debug.xcconfig"; path = "Pods/Target Support Files/Pods-Safety AssistantUITests/Pods-Safety AssistantUITests.debug.xcconfig"; sourceTree = "<group>"; };
		F674FDB97E9A26EB1C5BF8E9 /* Pods_Safety_AssistantUITests.framework */ = {isa = PBXFileReference; explicitFileType = wrapper.framework; includeInIndex = 0; path = Pods_Safety_AssistantUITests.framework; sourceTree = BUILT_PRODUCTS_DIR; };
/* End PBXFileReference section */

/* Begin PBXFrameworksBuildPhase section */
		570B1CDD1F2F33C800D74752 /* Frameworks */ = {
			isa = PBXFrameworksBuildPhase;
			buildActionMask = 2147483647;
			files = (
				5752C1D81F30AC3800D07BA3 /* JSQMessagesViewController.framework in Frameworks */,
				5752C1D61F30AC3800D07BA3 /* AWSLex.framework in Frameworks */,
				5752C1D31F30ABF400D07BA3 /* JSQMessagesViewController.framework in Frameworks */,
				5752C1D41F30AC3800D07BA3 /* AWSCore.framework in Frameworks */,
				570B1D231F2F44E200D74752 /* MapKit.framework in Frameworks */,
				5752C1CE1F30ABF400D07BA3 /* AWSCore.framework in Frameworks */,
				D285BA530F6B9F3092067084 /* Pods_Safety_Assistant.framework in Frameworks */,
				5752C1C31F30ABAE00D07BA3 /* AWSMobileHubHelper.framework in Frameworks */,
				5752C1CF1F30ABF400D07BA3 /* AWSLex.framework in Frameworks */,
			);
			runOnlyForDeploymentPostprocessing = 0;
		};
		570B1CF11F2F33C800D74752 /* Frameworks */ = {
			isa = PBXFrameworksBuildPhase;
			buildActionMask = 2147483647;
			files = (
				7891010F3E7B8D66F47FE3B1 /* Pods_Safety_AssistantTests.framework in Frameworks */,
			);
			runOnlyForDeploymentPostprocessing = 0;
		};
		570B1CFC1F2F33C800D74752 /* Frameworks */ = {
			isa = PBXFrameworksBuildPhase;
			buildActionMask = 2147483647;
			files = (
				04CFB6B3A3F89C2F3ADFC8B1 /* Pods_Safety_AssistantUITests.framework in Frameworks */,
			);
			runOnlyForDeploymentPostprocessing = 0;
		};
/* End PBXFrameworksBuildPhase section */

/* Begin PBXGroup section */
		03F33FDCE82EDBE0C523EDDD /* Frameworks */ = {
			isa = PBXGroup;
			children = (
				5752C1B21F30AA9400D07BA3 /* AWSCore.framework */,
				5752C1B31F30AA9400D07BA3 /* AWSLex.framework */,
				5752C1921F30994800D07BA3 /* AWSLex.framework */,
				5752C1901F30994600D07BA3 /* AWSCore.framework */,
				570B1D221F2F44E200D74752 /* MapKit.framework */,
				00A9D8B151AD4FB9FCE172F0 /* Pods_Safety_Assistant.framework */,
				20D7633E67603570570DB2A1 /* Pods_Safety_AssistantTests.framework */,
				F674FDB97E9A26EB1C5BF8E9 /* Pods_Safety_AssistantUITests.framework */,
			);
			name = Frameworks;
			sourceTree = "<group>";
		};
		364BFFAE13E5C2D4973A7283 /* Pods */ = {
			isa = PBXGroup;
			children = (
				1F50C4254DA9CF667DA13F6D /* Pods-Safety Assistant.debug.xcconfig */,
				A91272CEAD221AC83A3A6D8C /* Pods-Safety Assistant.release.xcconfig */,
				BA2EEE074E9861B2902E7E55 /* Pods-Safety AssistantTests.debug.xcconfig */,
				353A21AF38B745E0948C7F75 /* Pods-Safety AssistantTests.release.xcconfig */,
				F17B0E13920549D0BBE9A33F /* Pods-Safety AssistantUITests.debug.xcconfig */,
				8399C2D2F17E033BEA29C89F /* Pods-Safety AssistantUITests.release.xcconfig */,
			);
			name = Pods;
			sourceTree = "<group>";
		};
		570B1CD71F2F33C800D74752 = {
			isa = PBXGroup;
			children = (
				5752C1C41F30ABF400D07BA3 /* Sdk */,
				5752C1BD1F30ABAE00D07BA3 /* AmazonAws */,
				570B1CE21F2F33C800D74752 /* Safety Assistant */,
				570B1CF71F2F33C800D74752 /* Safety AssistantTests */,
				570B1D021F2F33C800D74752 /* Safety AssistantUITests */,
				570B1CE11F2F33C800D74752 /* Products */,
				364BFFAE13E5C2D4973A7283 /* Pods */,
				03F33FDCE82EDBE0C523EDDD /* Frameworks */,
			);
			sourceTree = "<group>";
		};
		570B1CE11F2F33C800D74752 /* Products */ = {
			isa = PBXGroup;
			children = (
				570B1CE01F2F33C800D74752 /* Safety Assistant.app */,
				570B1CF41F2F33C800D74752 /* Safety AssistantTests.xctest */,
				570B1CFF1F2F33C800D74752 /* Safety AssistantUITests.xctest */,
			);
			name = Products;
			sourceTree = "<group>";
		};
		570B1CE21F2F33C800D74752 /* Safety Assistant */ = {
			isa = PBXGroup;
			children = (
				570B1D241F2F5E4900D74752 /* Common */,
				570B1D111F2F343A00D74752 /* Main */,
				570B1D191F2F34A900D74752 /* Models */,
				570B1D121F2F344000D74752 /* Resources */,
				570B1D1C1F2F37F600D74752 /* Services */,
				570B1CE31F2F33C800D74752 /* AppDelegate.swift */,
				570B1CEA1F2F33C800D74752 /* Assets.xcassets */,
				570B1CEC1F2F33C800D74752 /* LaunchScreen.storyboard */,
				570B1CEF1F2F33C800D74752 /* Info.plist */,
			);
			path = "Safety Assistant";
			sourceTree = "<group>";
		};
		570B1CF71F2F33C800D74752 /* Safety AssistantTests */ = {
			isa = PBXGroup;
			children = (
				570B1CF81F2F33C800D74752 /* Safety_AssistantTests.swift */,
				570B1CFA1F2F33C800D74752 /* Info.plist */,
			);
			path = "Safety AssistantTests";
			sourceTree = "<group>";
		};
		570B1D021F2F33C800D74752 /* Safety AssistantUITests */ = {
			isa = PBXGroup;
			children = (
				570B1D031F2F33C800D74752 /* Safety_AssistantUITests.swift */,
				570B1D051F2F33C800D74752 /* Info.plist */,
			);
			path = "Safety AssistantUITests";
			sourceTree = "<group>";
		};
		570B1D111F2F343A00D74752 /* Main */ = {
			isa = PBXGroup;
			children = (
				57386C931F31F15200135A06 /* Launch */,
				57386C951F31F15200135A06 /* Register */,
				5752C1E01F30AD5800D07BA3 /* Chat */,
				570B1D161F2F346200D74752 /* Map */,
			);
			name = Main;
			sourceTree = "<group>";
		};
		570B1D121F2F344000D74752 /* Resources */ = {
			isa = PBXGroup;
			children = (
				570B1D131F2F344600D74752 /* Storyboards */,
			);
			name = Resources;
			sourceTree = "<group>";
		};
		570B1D131F2F344600D74752 /* Storyboards */ = {
			isa = PBXGroup;
			children = (
				57386C911F31F10E00135A06 /* Main.storyboard */,
			);
			name = Storyboards;
			sourceTree = "<group>";
		};
		570B1D161F2F346200D74752 /* Map */ = {
			isa = PBXGroup;
			children = (
				570B1D171F2F348400D74752 /* MapViewController.swift */,
				577E86471F3460400050CB4C /* LocationSearchTableViewController.swift */,
			);
			name = Map;
			sourceTree = "<group>";
		};
		570B1D191F2F34A900D74752 /* Models */ = {
			isa = PBXGroup;
			children = (
				570B1D1A1F2F34E700D74752 /* Neighbourhood.swift */,
			);
			name = Models;
			sourceTree = "<group>";
		};
		570B1D1C1F2F37F600D74752 /* Services */ = {
			isa = PBXGroup;
			children = (
				570B1D1D1F2F390500D74752 /* MapService.swift */,
				570B1D201F2F3B5000D74752 /* JSONParser.swift */,
				579579811F331CF60078E3A7 /* APIService.swift */,
			);
			name = Services;
			sourceTree = "<group>";
		};
		570B1D241F2F5E4900D74752 /* Common */ = {
			isa = PBXGroup;
			children = (
				570B1D251F2F5E5000D74752 /* Extensions */,
			);
			name = Common;
			sourceTree = "<group>";
		};
		570B1D251F2F5E5000D74752 /* Extensions */ = {
			isa = PBXGroup;
			children = (
				57386C991F31F1A800135A06 /* UIViewController+HideKeyboard.swift */,
				570B1D261F2F5E7800D74752 /* UIColor+Hex.swift */,
				579579831F331D4C0078E3A7 /* Date+WeekDay.swift */,
			);
			name = Extensions;
			sourceTree = "<group>";
		};
		57386C931F31F15200135A06 /* Launch */ = {
			isa = PBXGroup;
			children = (
				57386C941F31F15200135A06 /* LaunchViewController.swift */,
			);
			name = Launch;
			path = Main/Launch;
			sourceTree = "<group>";
		};
		57386C951F31F15200135A06 /* Register */ = {
			isa = PBXGroup;
			children = (
				57386C961F31F15200135A06 /* RegisterViewController.swift */,
			);
			name = Register;
			path = Main/Register;
			sourceTree = "<group>";
		};
		5752C1BD1F30ABAE00D07BA3 /* AmazonAws */ = {
			isa = PBXGroup;
			children = (
				5752C1BE1F30ABAE00D07BA3 /* AWSConfiguration.swift */,
				5752C1BF1F30ABAE00D07BA3 /* AWSMobileClient.swift */,
				5752C1C01F30ABAE00D07BA3 /* AWSMobileHubHelper.framework */,
			);
			path = AmazonAws;
			sourceTree = "<group>";
		};
		5752C1C41F30ABF400D07BA3 /* Sdk */ = {
			isa = PBXGroup;
			children = (
				5752C1C51F30ABF400D07BA3 /* Aws */,
				5752C1CB1F30ABF400D07BA3 /* CheckXcodeVersion.sh */,
				5752C1CC1F30ABF400D07BA3 /* UILibrary */,
			);
			path = Sdk;
			sourceTree = "<group>";
		};
		5752C1C51F30ABF400D07BA3 /* Aws */ = {
			isa = PBXGroup;
			children = (
				5752C1C61F30ABF400D07BA3 /* AWSCore.framework */,
				5752C1C71F30ABF400D07BA3 /* AWSLex.framework */,
				5752C1C81F30ABF400D07BA3 /* extras */,
			);
			path = Aws;
			sourceTree = "<group>";
		};
		5752C1C81F30ABF400D07BA3 /* extras */ = {
			isa = PBXGroup;
			children = (
				5752C1C91F30ABF400D07BA3 /* Amazon_Software_License.txt */,
				5752C1CA1F30ABF400D07BA3 /* NOTICE */,
			);
			path = extras;
			sourceTree = "<group>";
		};
		5752C1CC1F30ABF400D07BA3 /* UILibrary */ = {
			isa = PBXGroup;
			children = (
				5752C1CD1F30ABF400D07BA3 /* JSQMessagesViewController.framework */,
			);
			path = UILibrary;
			sourceTree = "<group>";
		};
		5752C1E01F30AD5800D07BA3 /* Chat */ = {
			isa = PBXGroup;
			children = (
				5752C1E11F30AD7100D07BA3 /* ChatViewController.swift */,
				57024A6F1F3B457100093901 /* HelpViewController.swift */,
				578E54961F3C4DBA003B1DE3 /* VoiceViewController.swift */,
			);
			name = Chat;
			sourceTree = "<group>";
		};
/* End PBXGroup section */

/* Begin PBXNativeTarget section */
		570B1CDF1F2F33C800D74752 /* Safety Assistant */ = {
			isa = PBXNativeTarget;
			buildConfigurationList = 570B1D081F2F33C800D74752 /* Build configuration list for PBXNativeTarget "Safety Assistant" */;
			buildPhases = (
				738E9BFA93E4FE972F5C929D /* [CP] Check Pods Manifest.lock */,
				570B1CDC1F2F33C800D74752 /* Sources */,
				570B1CDD1F2F33C800D74752 /* Frameworks */,
				570B1CDE1F2F33C800D74752 /* Resources */,
				087C16115FCA0C5880260145 /* [CP] Embed Pods Frameworks */,
				71720834E2F586305DD8C621 /* [CP] Copy Pods Resources */,
				5752C1DA1F30AC3800D07BA3 /* Embed Frameworks */,
			);
			buildRules = (
			);
			dependencies = (
			);
			name = "Safety Assistant";
			productName = "Safety Assistant";
			productReference = 570B1CE01F2F33C800D74752 /* Safety Assistant.app */;
			productType = "com.apple.product-type.application";
		};
		570B1CF31F2F33C800D74752 /* Safety AssistantTests */ = {
			isa = PBXNativeTarget;
			buildConfigurationList = 570B1D0B1F2F33C800D74752 /* Build configuration list for PBXNativeTarget "Safety AssistantTests" */;
			buildPhases = (
				410B0A6F035E7F2961D1EAF9 /* [CP] Check Pods Manifest.lock */,
				570B1CF01F2F33C800D74752 /* Sources */,
				570B1CF11F2F33C800D74752 /* Frameworks */,
				570B1CF21F2F33C800D74752 /* Resources */,
				2143441559070DC361168B1A /* [CP] Embed Pods Frameworks */,
				6B4A64942BA2326AF7A19B5D /* [CP] Copy Pods Resources */,
			);
			buildRules = (
			);
			dependencies = (
				570B1CF61F2F33C800D74752 /* PBXTargetDependency */,
			);
			name = "Safety AssistantTests";
			productName = "Safety AssistantTests";
			productReference = 570B1CF41F2F33C800D74752 /* Safety AssistantTests.xctest */;
			productType = "com.apple.product-type.bundle.unit-test";
		};
		570B1CFE1F2F33C800D74752 /* Safety AssistantUITests */ = {
			isa = PBXNativeTarget;
			buildConfigurationList = 570B1D0E1F2F33C800D74752 /* Build configuration list for PBXNativeTarget "Safety AssistantUITests" */;
			buildPhases = (
				06F340F645064217C540017C /* [CP] Check Pods Manifest.lock */,
				570B1CFB1F2F33C800D74752 /* Sources */,
				570B1CFC1F2F33C800D74752 /* Frameworks */,
				570B1CFD1F2F33C800D74752 /* Resources */,
				84FE046AF408C8DC4030416F /* [CP] Embed Pods Frameworks */,
				E7BA5785A0252ED14094AF90 /* [CP] Copy Pods Resources */,
			);
			buildRules = (
			);
			dependencies = (
				570B1D011F2F33C800D74752 /* PBXTargetDependency */,
			);
			name = "Safety AssistantUITests";
			productName = "Safety AssistantUITests";
			productReference = 570B1CFF1F2F33C800D74752 /* Safety AssistantUITests.xctest */;
			productType = "com.apple.product-type.bundle.ui-testing";
		};
/* End PBXNativeTarget section */

/* Begin PBXProject section */
		570B1CD81F2F33C800D74752 /* Project object */ = {
			isa = PBXProject;
			attributes = {
				LastSwiftUpdateCheck = 0830;
				LastUpgradeCheck = 0830;
				ORGANIZATIONNAME = "Csongor Barabasi";
				TargetAttributes = {
					570B1CDF1F2F33C800D74752 = {
						CreatedOnToolsVersion = 8.3.3;
						DevelopmentTeam = ZUWW9J8PQJ;
						ProvisioningStyle = Automatic;
					};
					570B1CF31F2F33C800D74752 = {
						CreatedOnToolsVersion = 8.3.3;
						DevelopmentTeam = ZUWW9J8PQJ;
						ProvisioningStyle = Automatic;
						TestTargetID = 570B1CDF1F2F33C800D74752;
					};
					570B1CFE1F2F33C800D74752 = {
						CreatedOnToolsVersion = 8.3.3;
						DevelopmentTeam = ZUWW9J8PQJ;
						ProvisioningStyle = Automatic;
						TestTargetID = 570B1CDF1F2F33C800D74752;
					};
				};
			};
			buildConfigurationList = 570B1CDB1F2F33C800D74752 /* Build configuration list for PBXProject "Safety Assistant" */;
			compatibilityVersion = "Xcode 3.2";
			developmentRegion = English;
			hasScannedForEncodings = 0;
			knownRegions = (
				en,
				Base,
			);
			mainGroup = 570B1CD71F2F33C800D74752;
			productRefGroup = 570B1CE11F2F33C800D74752 /* Products */;
			projectDirPath = "";
			projectRoot = "";
			targets = (
				570B1CDF1F2F33C800D74752 /* Safety Assistant */,
				570B1CF31F2F33C800D74752 /* Safety AssistantTests */,
				570B1CFE1F2F33C800D74752 /* Safety AssistantUITests */,
			);
		};
/* End PBXProject section */

/* Begin PBXResourcesBuildPhase section */
		570B1CDE1F2F33C800D74752 /* Resources */ = {
			isa = PBXResourcesBuildPhase;
			buildActionMask = 2147483647;
			files = (
				5752C1D11F30ABF400D07BA3 /* NOTICE in Resources */,
				57386C921F31F10E00135A06 /* Main.storyboard in Resources */,
				570B1CEE1F2F33C800D74752 /* LaunchScreen.storyboard in Resources */,
				570B1CEB1F2F33C800D74752 /* Assets.xcassets in Resources */,
				5752C1D21F30ABF400D07BA3 /* CheckXcodeVersion.sh in Resources */,
				5752C1D01F30ABF400D07BA3 /* Amazon_Software_License.txt in Resources */,
			);
			runOnlyForDeploymentPostprocessing = 0;
		};
		570B1CF21F2F33C800D74752 /* Resources */ = {
			isa = PBXResourcesBuildPhase;
			buildActionMask = 2147483647;
			files = (
			);
			runOnlyForDeploymentPostprocessing = 0;
		};
		570B1CFD1F2F33C800D74752 /* Resources */ = {
			isa = PBXResourcesBuildPhase;
			buildActionMask = 2147483647;
			files = (
			);
			runOnlyForDeploymentPostprocessing = 0;
		};
/* End PBXResourcesBuildPhase section */

/* Begin PBXShellScriptBuildPhase section */
		06F340F645064217C540017C /* [CP] Check Pods Manifest.lock */ = {
			isa = PBXShellScriptBuildPhase;
			buildActionMask = 2147483647;
			files = (
			);
			inputPaths = (
			);
			name = "[CP] Check Pods Manifest.lock";
			outputPaths = (
			);
			runOnlyForDeploymentPostprocessing = 0;
			shellPath = /bin/sh;
			shellScript = "diff \"${PODS_PODFILE_DIR_PATH}/Podfile.lock\" \"${PODS_ROOT}/Manifest.lock\" > /dev/null\nif [ $? != 0 ] ; then\n    # print error to STDERR\n    echo \"error: The sandbox is not in sync with the Podfile.lock. Run 'pod install' or update your CocoaPods installation.\" >&2\n    exit 1\nfi\n";
			showEnvVarsInLog = 0;
		};
		087C16115FCA0C5880260145 /* [CP] Embed Pods Frameworks */ = {
			isa = PBXShellScriptBuildPhase;
			buildActionMask = 2147483647;
			files = (
			);
			inputPaths = (
			);
			name = "[CP] Embed Pods Frameworks";
			outputPaths = (
			);
			runOnlyForDeploymentPostprocessing = 0;
			shellPath = /bin/sh;
			shellScript = "\"${SRCROOT}/Pods/Target Support Files/Pods-Safety Assistant/Pods-Safety Assistant-frameworks.sh\"\n";
			showEnvVarsInLog = 0;
		};
		2143441559070DC361168B1A /* [CP] Embed Pods Frameworks */ = {
			isa = PBXShellScriptBuildPhase;
			buildActionMask = 2147483647;
			files = (
			);
			inputPaths = (
			);
			name = "[CP] Embed Pods Frameworks";
			outputPaths = (
			);
			runOnlyForDeploymentPostprocessing = 0;
			shellPath = /bin/sh;
			shellScript = "\"${SRCROOT}/Pods/Target Support Files/Pods-Safety AssistantTests/Pods-Safety AssistantTests-frameworks.sh\"\n";
			showEnvVarsInLog = 0;
		};
		410B0A6F035E7F2961D1EAF9 /* [CP] Check Pods Manifest.lock */ = {
			isa = PBXShellScriptBuildPhase;
			buildActionMask = 2147483647;
			files = (
			);
			inputPaths = (
			);
			name = "[CP] Check Pods Manifest.lock";
			outputPaths = (
			);
			runOnlyForDeploymentPostprocessing = 0;
			shellPath = /bin/sh;
			shellScript = "diff \"${PODS_PODFILE_DIR_PATH}/Podfile.lock\" \"${PODS_ROOT}/Manifest.lock\" > /dev/null\nif [ $? != 0 ] ; then\n    # print error to STDERR\n    echo \"error: The sandbox is not in sync with the Podfile.lock. Run 'pod install' or update your CocoaPods installation.\" >&2\n    exit 1\nfi\n";
			showEnvVarsInLog = 0;
		};
		6B4A64942BA2326AF7A19B5D /* [CP] Copy Pods Resources */ = {
			isa = PBXShellScriptBuildPhase;
			buildActionMask = 2147483647;
			files = (
			);
			inputPaths = (
			);
			name = "[CP] Copy Pods Resources";
			outputPaths = (
			);
			runOnlyForDeploymentPostprocessing = 0;
			shellPath = /bin/sh;
			shellScript = "\"${SRCROOT}/Pods/Target Support Files/Pods-Safety AssistantTests/Pods-Safety AssistantTests-resources.sh\"\n";
			showEnvVarsInLog = 0;
		};
		71720834E2F586305DD8C621 /* [CP] Copy Pods Resources */ = {
			isa = PBXShellScriptBuildPhase;
			buildActionMask = 2147483647;
			files = (
			);
			inputPaths = (
			);
			name = "[CP] Copy Pods Resources";
			outputPaths = (
			);
			runOnlyForDeploymentPostprocessing = 0;
			shellPath = /bin/sh;
			shellScript = "\"${SRCROOT}/Pods/Target Support Files/Pods-Safety Assistant/Pods-Safety Assistant-resources.sh\"\n";
			showEnvVarsInLog = 0;
		};
		738E9BFA93E4FE972F5C929D /* [CP] Check Pods Manifest.lock */ = {
			isa = PBXShellScriptBuildPhase;
			buildActionMask = 2147483647;
			files = (
			);
			inputPaths = (
			);
			name = "[CP] Check Pods Manifest.lock";
			outputPaths = (
			);
			runOnlyForDeploymentPostprocessing = 0;
			shellPath = /bin/sh;
			shellScript = "diff \"${PODS_PODFILE_DIR_PATH}/Podfile.lock\" \"${PODS_ROOT}/Manifest.lock\" > /dev/null\nif [ $? != 0 ] ; then\n    # print error to STDERR\n    echo \"error: The sandbox is not in sync with the Podfile.lock. Run 'pod install' or update your CocoaPods installation.\" >&2\n    exit 1\nfi\n";
			showEnvVarsInLog = 0;
		};
		84FE046AF408C8DC4030416F /* [CP] Embed Pods Frameworks */ = {
			isa = PBXShellScriptBuildPhase;
			buildActionMask = 2147483647;
			files = (
			);
			inputPaths = (
			);
			name = "[CP] Embed Pods Frameworks";
			outputPaths = (
			);
			runOnlyForDeploymentPostprocessing = 0;
			shellPath = /bin/sh;
			shellScript = "\"${SRCROOT}/Pods/Target Support Files/Pods-Safety AssistantUITests/Pods-Safety AssistantUITests-frameworks.sh\"\n";
			showEnvVarsInLog = 0;
		};
		E7BA5785A0252ED14094AF90 /* [CP] Copy Pods Resources */ = {
			isa = PBXShellScriptBuildPhase;
			buildActionMask = 2147483647;
			files = (
			);
			inputPaths = (
			);
			name = "[CP] Copy Pods Resources";
			outputPaths = (
			);
			runOnlyForDeploymentPostprocessing = 0;
			shellPath = /bin/sh;
			shellScript = "\"${SRCROOT}/Pods/Target Support Files/Pods-Safety AssistantUITests/Pods-Safety AssistantUITests-resources.sh\"\n";
			showEnvVarsInLog = 0;
		};
/* End PBXShellScriptBuildPhase section */

/* Begin PBXSourcesBuildPhase section */
		570B1CDC1F2F33C800D74752 /* Sources */ = {
			isa = PBXSourcesBuildPhase;
			buildActionMask = 2147483647;
			files = (
				570B1CE41F2F33C800D74752 /* AppDelegate.swift in Sources */,
				57386C981F31F15200135A06 /* RegisterViewController.swift in Sources */,
				57386C971F31F15200135A06 /* LaunchViewController.swift in Sources */,
				570B1D211F2F3B5000D74752 /* JSONParser.swift in Sources */,
				5752C1C21F30ABAE00D07BA3 /* AWSMobileClient.swift in Sources */,
				570B1D181F2F348400D74752 /* MapViewController.swift in Sources */,
				5752C1C11F30ABAE00D07BA3 /* AWSConfiguration.swift in Sources */,
				577E86481F3460400050CB4C /* LocationSearchTableViewController.swift in Sources */,
				570B1D271F2F5E7800D74752 /* UIColor+Hex.swift in Sources */,
				579579841F331D4C0078E3A7 /* Date+WeekDay.swift in Sources */,
				578E54971F3C4DBA003B1DE3 /* VoiceViewController.swift in Sources */,
				570B1D1E1F2F390500D74752 /* MapService.swift in Sources */,
				57024A701F3B457100093901 /* HelpViewController.swift in Sources */,
				579579821F331CF60078E3A7 /* APIService.swift in Sources */,
				57386C9A1F31F1A800135A06 /* UIViewController+HideKeyboard.swift in Sources */,
				5752C1E21F30AD7100D07BA3 /* ChatViewController.swift in Sources */,
				570B1D1B1F2F34E700D74752 /* Neighbourhood.swift in Sources */,
			);
			runOnlyForDeploymentPostprocessing = 0;
		};
		570B1CF01F2F33C800D74752 /* Sources */ = {
			isa = PBXSourcesBuildPhase;
			buildActionMask = 2147483647;
			files = (
				570B1CF91F2F33C800D74752 /* Safety_AssistantTests.swift in Sources */,
			);
			runOnlyForDeploymentPostprocessing = 0;
		};
		570B1CFB1F2F33C800D74752 /* Sources */ = {
			isa = PBXSourcesBuildPhase;
			buildActionMask = 2147483647;
			files = (
				570B1D041F2F33C800D74752 /* Safety_AssistantUITests.swift in Sources */,
			);
			runOnlyForDeploymentPostprocessing = 0;
		};
/* End PBXSourcesBuildPhase section */

/* Begin PBXTargetDependency section */
		570B1CF61F2F33C800D74752 /* PBXTargetDependency */ = {
			isa = PBXTargetDependency;
			target = 570B1CDF1F2F33C800D74752 /* Safety Assistant */;
			targetProxy = 570B1CF51F2F33C800D74752 /* PBXContainerItemProxy */;
		};
		570B1D011F2F33C800D74752 /* PBXTargetDependency */ = {
			isa = PBXTargetDependency;
			target = 570B1CDF1F2F33C800D74752 /* Safety Assistant */;
			targetProxy = 570B1D001F2F33C800D74752 /* PBXContainerItemProxy */;
		};
/* End PBXTargetDependency section */

/* Begin PBXVariantGroup section */
		570B1CEC1F2F33C800D74752 /* LaunchScreen.storyboard */ = {
			isa = PBXVariantGroup;
			children = (
				570B1CED1F2F33C800D74752 /* Base */,
			);
			name = LaunchScreen.storyboard;
			sourceTree = "<group>";
		};
/* End PBXVariantGroup section */

/* Begin XCBuildConfiguration section */
		570B1D061F2F33C800D74752 /* Debug */ = {
			isa = XCBuildConfiguration;
			buildSettings = {
				ALWAYS_SEARCH_USER_PATHS = NO;
				CLANG_ANALYZER_NONNULL = YES;
				CLANG_ANALYZER_NUMBER_OBJECT_CONVERSION = YES_AGGRESSIVE;
				CLANG_CXX_LANGUAGE_STANDARD = "gnu++0x";
				CLANG_CXX_LIBRARY = "libc++";
				CLANG_ENABLE_MODULES = YES;
				CLANG_ENABLE_OBJC_ARC = YES;
				CLANG_WARN_BOOL_CONVERSION = YES;
				CLANG_WARN_CONSTANT_CONVERSION = YES;
				CLANG_WARN_DIRECT_OBJC_ISA_USAGE = YES_ERROR;
				CLANG_WARN_DOCUMENTATION_COMMENTS = YES;
				CLANG_WARN_EMPTY_BODY = YES;
				CLANG_WARN_ENUM_CONVERSION = YES;
				CLANG_WARN_INFINITE_RECURSION = YES;
				CLANG_WARN_INT_CONVERSION = YES;
				CLANG_WARN_OBJC_ROOT_CLASS = YES_ERROR;
				CLANG_WARN_SUSPICIOUS_MOVE = YES;
				CLANG_WARN_UNREACHABLE_CODE = YES;
				CLANG_WARN__DUPLICATE_METHOD_MATCH = YES;
				"CODE_SIGN_IDENTITY[sdk=iphoneos*]" = "iPhone Developer";
				COPY_PHASE_STRIP = NO;
				DEBUG_INFORMATION_FORMAT = dwarf;
				ENABLE_STRICT_OBJC_MSGSEND = YES;
				ENABLE_TESTABILITY = YES;
				GCC_C_LANGUAGE_STANDARD = gnu99;
				GCC_DYNAMIC_NO_PIC = NO;
				GCC_NO_COMMON_BLOCKS = YES;
				GCC_OPTIMIZATION_LEVEL = 0;
				GCC_PREPROCESSOR_DEFINITIONS = (
					"DEBUG=1",
					"$(inherited)",
				);
				GCC_WARN_64_TO_32_BIT_CONVERSION = YES;
				GCC_WARN_ABOUT_RETURN_TYPE = YES_ERROR;
				GCC_WARN_UNDECLARED_SELECTOR = YES;
				GCC_WARN_UNINITIALIZED_AUTOS = YES_AGGRESSIVE;
				GCC_WARN_UNUSED_FUNCTION = YES;
				GCC_WARN_UNUSED_VARIABLE = YES;
				IPHONEOS_DEPLOYMENT_TARGET = 10.3;
				MTL_ENABLE_DEBUG_INFO = YES;
				ONLY_ACTIVE_ARCH = YES;
				SDKROOT = iphoneos;
				SWIFT_ACTIVE_COMPILATION_CONDITIONS = DEBUG;
				SWIFT_OPTIMIZATION_LEVEL = "-Onone";
			};
			name = Debug;
		};
		570B1D071F2F33C800D74752 /* Release */ = {
			isa = XCBuildConfiguration;
			buildSettings = {
				ALWAYS_SEARCH_USER_PATHS = NO;
				CLANG_ANALYZER_NONNULL = YES;
				CLANG_ANALYZER_NUMBER_OBJECT_CONVERSION = YES_AGGRESSIVE;
				CLANG_CXX_LANGUAGE_STANDARD = "gnu++0x";
				CLANG_CXX_LIBRARY = "libc++";
				CLANG_ENABLE_MODULES = YES;
				CLANG_ENABLE_OBJC_ARC = YES;
				CLANG_WARN_BOOL_CONVERSION = YES;
				CLANG_WARN_CONSTANT_CONVERSION = YES;
				CLANG_WARN_DIRECT_OBJC_ISA_USAGE = YES_ERROR;
				CLANG_WARN_DOCUMENTATION_COMMENTS = YES;
				CLANG_WARN_EMPTY_BODY = YES;
				CLANG_WARN_ENUM_CONVERSION = YES;
				CLANG_WARN_INFINITE_RECURSION = YES;
				CLANG_WARN_INT_CONVERSION = YES;
				CLANG_WARN_OBJC_ROOT_CLASS = YES_ERROR;
				CLANG_WARN_SUSPICIOUS_MOVE = YES;
				CLANG_WARN_UNREACHABLE_CODE = YES;
				CLANG_WARN__DUPLICATE_METHOD_MATCH = YES;
				"CODE_SIGN_IDENTITY[sdk=iphoneos*]" = "iPhone Developer";
				COPY_PHASE_STRIP = NO;
				DEBUG_INFORMATION_FORMAT = "dwarf-with-dsym";
				ENABLE_NS_ASSERTIONS = NO;
				ENABLE_STRICT_OBJC_MSGSEND = YES;
				GCC_C_LANGUAGE_STANDARD = gnu99;
				GCC_NO_COMMON_BLOCKS = YES;
				GCC_WARN_64_TO_32_BIT_CONVERSION = YES;
				GCC_WARN_ABOUT_RETURN_TYPE = YES_ERROR;
				GCC_WARN_UNDECLARED_SELECTOR = YES;
				GCC_WARN_UNINITIALIZED_AUTOS = YES_AGGRESSIVE;
				GCC_WARN_UNUSED_FUNCTION = YES;
				GCC_WARN_UNUSED_VARIABLE = YES;
				IPHONEOS_DEPLOYMENT_TARGET = 10.3;
				MTL_ENABLE_DEBUG_INFO = NO;
				SDKROOT = iphoneos;
				SWIFT_OPTIMIZATION_LEVEL = "-Owholemodule";
				VALIDATE_PRODUCT = YES;
			};
			name = Release;
		};
		570B1D091F2F33C800D74752 /* Debug */ = {
			isa = XCBuildConfiguration;
			baseConfigurationReference = 1F50C4254DA9CF667DA13F6D /* Pods-Safety Assistant.debug.xcconfig */;
			buildSettings = {
				ASSETCATALOG_COMPILER_APPICON_NAME = AppIcon;
				DEVELOPMENT_TEAM = ZUWW9J8PQJ;
				FRAMEWORK_SEARCH_PATHS = (
					"$(inherited)",
					"$(PROJECT_DIR)/AmazonAws",
					"$(PROJECT_DIR)/Sdk/Aws",
					"$(PROJECT_DIR)/Sdk/UILibrary",
				);
				INFOPLIST_FILE = "Safety Assistant/Info.plist";
				LD_RUNPATH_SEARCH_PATHS = "$(inherited) @executable_path/Frameworks";
				PRODUCT_BUNDLE_IDENTIFIER = "Csongor-Barabasi.Safety-Assistant";
				PRODUCT_NAME = "$(TARGET_NAME)";
				SWIFT_VERSION = 3.0;
			};
			name = Debug;
		};
		570B1D0A1F2F33C800D74752 /* Release */ = {
			isa = XCBuildConfiguration;
			baseConfigurationReference = A91272CEAD221AC83A3A6D8C /* Pods-Safety Assistant.release.xcconfig */;
			buildSettings = {
				ASSETCATALOG_COMPILER_APPICON_NAME = AppIcon;
				DEVELOPMENT_TEAM = ZUWW9J8PQJ;
				FRAMEWORK_SEARCH_PATHS = (
					"$(inherited)",
					"$(PROJECT_DIR)/AmazonAws",
					"$(PROJECT_DIR)/Sdk/Aws",
					"$(PROJECT_DIR)/Sdk/UILibrary",
				);
				INFOPLIST_FILE = "Safety Assistant/Info.plist";
				LD_RUNPATH_SEARCH_PATHS = "$(inherited) @executable_path/Frameworks";
				PRODUCT_BUNDLE_IDENTIFIER = "Csongor-Barabasi.Safety-Assistant";
				PRODUCT_NAME = "$(TARGET_NAME)";
				SWIFT_VERSION = 3.0;
			};
			name = Release;
		};
		570B1D0C1F2F33C800D74752 /* Debug */ = {
			isa = XCBuildConfiguration;
			baseConfigurationReference = BA2EEE074E9861B2902E7E55 /* Pods-Safety AssistantTests.debug.xcconfig */;
			buildSettings = {
				ALWAYS_EMBED_SWIFT_STANDARD_LIBRARIES = YES;
				BUNDLE_LOADER = "$(TEST_HOST)";
				DEVELOPMENT_TEAM = ZUWW9J8PQJ;
				INFOPLIST_FILE = "Safety AssistantTests/Info.plist";
				LD_RUNPATH_SEARCH_PATHS = "$(inherited) @executable_path/Frameworks @loader_path/Frameworks";
				PRODUCT_BUNDLE_IDENTIFIER = "Csongor-Barabasi.Safety-AssistantTests";
				PRODUCT_NAME = "$(TARGET_NAME)";
				SWIFT_VERSION = 3.0;
				TEST_HOST = "$(BUILT_PRODUCTS_DIR)/Safety Assistant.app/Safety Assistant";
			};
			name = Debug;
		};
		570B1D0D1F2F33C800D74752 /* Release */ = {
			isa = XCBuildConfiguration;
			baseConfigurationReference = 353A21AF38B745E0948C7F75 /* Pods-Safety AssistantTests.release.xcconfig */;
			buildSettings = {
				ALWAYS_EMBED_SWIFT_STANDARD_LIBRARIES = YES;
				BUNDLE_LOADER = "$(TEST_HOST)";
				DEVELOPMENT_TEAM = ZUWW9J8PQJ;
				INFOPLIST_FILE = "Safety AssistantTests/Info.plist";
				LD_RUNPATH_SEARCH_PATHS = "$(inherited) @executable_path/Frameworks @loader_path/Frameworks";
				PRODUCT_BUNDLE_IDENTIFIER = "Csongor-Barabasi.Safety-AssistantTests";
				PRODUCT_NAME = "$(TARGET_NAME)";
				SWIFT_VERSION = 3.0;
				TEST_HOST = "$(BUILT_PRODUCTS_DIR)/Safety Assistant.app/Safety Assistant";
			};
			name = Release;
		};
		570B1D0F1F2F33C800D74752 /* Debug */ = {
			isa = XCBuildConfiguration;
			baseConfigurationReference = F17B0E13920549D0BBE9A33F /* Pods-Safety AssistantUITests.debug.xcconfig */;
			buildSettings = {
				ALWAYS_EMBED_SWIFT_STANDARD_LIBRARIES = YES;
				DEVELOPMENT_TEAM = ZUWW9J8PQJ;
				INFOPLIST_FILE = "Safety AssistantUITests/Info.plist";
				LD_RUNPATH_SEARCH_PATHS = "$(inherited) @executable_path/Frameworks @loader_path/Frameworks";
				PRODUCT_BUNDLE_IDENTIFIER = "Csongor-Barabasi.Safety-AssistantUITests";
				PRODUCT_NAME = "$(TARGET_NAME)";
				SWIFT_VERSION = 3.0;
				TEST_TARGET_NAME = "Safety Assistant";
			};
			name = Debug;
		};
		570B1D101F2F33C800D74752 /* Release */ = {
			isa = XCBuildConfiguration;
			baseConfigurationReference = 8399C2D2F17E033BEA29C89F /* Pods-Safety AssistantUITests.release.xcconfig */;
			buildSettings = {
				ALWAYS_EMBED_SWIFT_STANDARD_LIBRARIES = YES;
				DEVELOPMENT_TEAM = ZUWW9J8PQJ;
				INFOPLIST_FILE = "Safety AssistantUITests/Info.plist";
				LD_RUNPATH_SEARCH_PATHS = "$(inherited) @executable_path/Frameworks @loader_path/Frameworks";
				PRODUCT_BUNDLE_IDENTIFIER = "Csongor-Barabasi.Safety-AssistantUITests";
				PRODUCT_NAME = "$(TARGET_NAME)";
				SWIFT_VERSION = 3.0;
				TEST_TARGET_NAME = "Safety Assistant";
			};
			name = Release;
		};
/* End XCBuildConfiguration section */

/* Begin XCConfigurationList section */
		570B1CDB1F2F33C800D74752 /* Build configuration list for PBXProject "Safety Assistant" */ = {
			isa = XCConfigurationList;
			buildConfigurations = (
				570B1D061F2F33C800D74752 /* Debug */,
				570B1D071F2F33C800D74752 /* Release */,
			);
			defaultConfigurationIsVisible = 0;
			defaultConfigurationName = Release;
		};
		570B1D081F2F33C800D74752 /* Build configuration list for PBXNativeTarget "Safety Assistant" */ = {
			isa = XCConfigurationList;
			buildConfigurations = (
				570B1D091F2F33C800D74752 /* Debug */,
				570B1D0A1F2F33C800D74752 /* Release */,
			);
			defaultConfigurationIsVisible = 0;
			defaultConfigurationName = Release;
		};
		570B1D0B1F2F33C800D74752 /* Build configuration list for PBXNativeTarget "Safety AssistantTests" */ = {
			isa = XCConfigurationList;
			buildConfigurations = (
				570B1D0C1F2F33C800D74752 /* Debug */,
				570B1D0D1F2F33C800D74752 /* Release */,
			);
			defaultConfigurationIsVisible = 0;
			defaultConfigurationName = Release;
		};
		570B1D0E1F2F33C800D74752 /* Build configuration list for PBXNativeTarget "Safety AssistantUITests" */ = {
			isa = XCConfigurationList;
			buildConfigurations = (
				570B1D0F1F2F33C800D74752 /* Debug */,
				570B1D101F2F33C800D74752 /* Release */,
			);
			defaultConfigurationIsVisible = 0;
			defaultConfigurationName = Release;
		};
/* End XCConfigurationList section */
	};
	rootObject = 570B1CD81F2F33C800D74752 /* Project object */;
}
